
Microsoft Visual Studio Solution File, Format Version 12.00
# Visual Studio 15
VisualStudioVersion = 15.0.26730.8
MinimumVisualStudioVersion = 10.0.40219.1
Project("{9A19103F-16F7-4668-BE54-9A1E7A4F7556}") = "ds.WebCliente.entidades", "ds.WebCliente.entidades\ds.WebCliente.entidades.csproj", "{BAA59F3D-3A63-4416-AF58-331C1BC750E1}"
EndProject
Project("{9A19103F-16F7-4668-BE54-9A1E7A4F7556}") = "ds.WebCliente.servicios", "ds.WebCliente.servicios\ds.WebCliente.servicios.csproj", "{E58FF976-C31C-42C2-9272-00E1E0AEC492}"
EndProject
Project("{9A19103F-16F7-4668-BE54-9A1E7A4F7556}") = "ds.WebCliente.web", "ds.WebCliente.web\ds.WebCliente.web.csproj", "{C48164DE-F3D9-4A91-B794-E642807F64D6}"
EndProject
Project("{2150E333-8FDC-42A3-9474-1A3956D46DE8}") = "Solution Items", "Solution Items", "{1662913B-BEA4-4F3B-89A1-9D64BD1D8458}"
	ProjectSection(SolutionItems) = preProject
		..\..\..\..\Downloads\ServiciosWeb-master\ServiciosWeb-master\Readme.md = ..\..\..\..\Downloads\ServiciosWeb-master\ServiciosWeb-master\Readme.md
	EndProjectSection
EndProject
Global
	GlobalSection(SolutionConfigurationPlatforms) = preSolution
		Debug|Any CPU = Debug|Any CPU
		Release|Any CPU = Release|Any CPU
	EndGlobalSection
	GlobalSection(ProjectConfigurationPlatforms) = postSolution
		{BAA59F3D-3A63-4416-AF58-331C1BC750E1}.Debug|Any CPU.ActiveCfg = Debug|Any CPU
		{BAA59F3D-3A63-4416-AF58-331C1BC750E1}.Debug|Any CPU.Build.0 = Debug|Any CPU
		{BAA59F3D-3A63-4416-AF58-331C1BC750E1}.Release|Any CPU.ActiveCfg = Release|Any CPU
		{BAA59F3D-3A63-4416-AF58-331C1BC750E1}.Release|Any CPU.Build.0 = Release|Any CPU
		{E58FF976-C31C-42C2-9272-00E1E0AEC492}.Debug|Any CPU.ActiveCfg = Debug|Any CPU
		{E58FF976-C31C-42C2-9272-00E1E0AEC492}.Debug|Any CPU.Build.0 = Debug|Any CPU
		{E58FF976-C31C-42C2-9272-00E1E0AEC492}.Release|Any CPU.ActiveCfg = Release|Any CPU
		{E58FF976-C31C-42C2-9272-00E1E0AEC492}.Release|Any CPU.Build.0 = Release|Any CPU
		{C48164DE-F3D9-4A91-B794-E642807F64D6}.Debug|Any CPU.ActiveCfg = Debug|Any CPU
		{C48164DE-F3D9-4A91-B794-E642807F64D6}.Debug|Any CPU.Build.0 = Debug|Any CPU
		{C48164DE-F3D9-4A91-B794-E642807F64D6}.Release|Any CPU.ActiveCfg = Release|Any CPU
		{C48164DE-F3D9-4A91-B794-E642807F64D6}.Release|Any CPU.Build.0 = Release|Any CPU
	EndGlobalSection
	GlobalSection(SolutionProperties) = preSolution
		HideSolutionNode = FALSE
	EndGlobalSection
	GlobalSection(ExtensibilityGlobals) = postSolution
		SolutionGuid = {86185D0B-6DB4-4761-BFDD-6C027C398A7B}
	EndGlobalSection
EndGlobal
